
Microsoft Visual Studio Solution File, Format Version 12.00
# Visual Studio 15
VisualStudioVersion = 15.0.28010.2046
MinimumVisualStudioVersion = 10.0.40219.1
Project("{2150E333-8FDC-42A3-9474-1A3956D46DE8}") = "CSharp", "CSharp", "{46C4819D-25C5-4BF7-9413-2993D5FA8758}"
EndProject
Project("{9A19103F-16F7-4668-BE54-9A1E7A4F7556}") = "Katas.CSharp", "CSharp\Katas.CSharp\Katas.CSharp.csproj", "{9949F63C-ED60-4B3F-8AC3-1A8D8621D6E6}"
EndProject
Project("{9A19103F-16F7-4668-BE54-9A1E7A4F7556}") = "Tests.CSharp", "CSharp\Tests.CSharp\Tests.CSharp.csproj", "{4E8A23F1-B7DA-4476-BB49-F0EF83FB7CF4}"
EndProject
Project("{2150E333-8FDC-42A3-9474-1A3956D46DE8}") = "FSharp", "FSharp", "{44E00195-62FC-42DC-BFBD-51E614035B75}"
EndProject
Project("{6EC3EE1D-3C4E-46DD-8F32-0CC8E7565705}") = "Katas.FSharp", "FSharp\Katas.FSharp\Katas.FSharp.fsproj", "{6828A745-16B3-4DF2-8854-B890A96790E7}"
EndProject
Project("{6EC3EE1D-3C4E-46DD-8F32-0CC8E7565705}") = "Tests.FSharp", "FSharp\Tests.FSharp\Tests.FSharp.fsproj", "{3F41536F-F331-4106-84E5-B3B317EFD344}"
EndProject
Global
	GlobalSection(SolutionConfigurationPlatforms) = preSolution
		Debug|Any CPU = Debug|Any CPU
		Release|Any CPU = Release|Any CPU
	EndGlobalSection
	GlobalSection(ProjectConfigurationPlatforms) = postSolution
		{9949F63C-ED60-4B3F-8AC3-1A8D8621D6E6}.Debug|Any CPU.ActiveCfg = Debug|Any CPU
		{9949F63C-ED60-4B3F-8AC3-1A8D8621D6E6}.Debug|Any CPU.Build.0 = Debug|Any CPU
		{9949F63C-ED60-4B3F-8AC3-1A8D8621D6E6}.Release|Any CPU.ActiveCfg = Release|Any CPU
		{9949F63C-ED60-4B3F-8AC3-1A8D8621D6E6}.Release|Any CPU.Build.0 = Release|Any CPU
		{4E8A23F1-B7DA-4476-BB49-F0EF83FB7CF4}.Debug|Any CPU.ActiveCfg = Debug|Any CPU
		{4E8A23F1-B7DA-4476-BB49-F0EF83FB7CF4}.Debug|Any CPU.Build.0 = Debug|Any CPU
		{4E8A23F1-B7DA-4476-BB49-F0EF83FB7CF4}.Release|Any CPU.ActiveCfg = Release|Any CPU
		{4E8A23F1-B7DA-4476-BB49-F0EF83FB7CF4}.Release|Any CPU.Build.0 = Release|Any CPU
		{6828A745-16B3-4DF2-8854-B890A96790E7}.Debug|Any CPU.ActiveCfg = Debug|Any CPU
		{6828A745-16B3-4DF2-8854-B890A96790E7}.Debug|Any CPU.Build.0 = Debug|Any CPU
		{6828A745-16B3-4DF2-8854-B890A96790E7}.Release|Any CPU.ActiveCfg = Release|Any CPU
		{6828A745-16B3-4DF2-8854-B890A96790E7}.Release|Any CPU.Build.0 = Release|Any CPU
		{3F41536F-F331-4106-84E5-B3B317EFD344}.Debug|Any CPU.ActiveCfg = Debug|Any CPU
		{3F41536F-F331-4106-84E5-B3B317EFD344}.Debug|Any CPU.Build.0 = Debug|Any CPU
		{3F41536F-F331-4106-84E5-B3B317EFD344}.Release|Any CPU.ActiveCfg = Release|Any CPU
		{3F41536F-F331-4106-84E5-B3B317EFD344}.Release|Any CPU.Build.0 = Release|Any CPU
	EndGlobalSection
	GlobalSection(SolutionProperties) = preSolution
		HideSolutionNode = FALSE
	EndGlobalSection
	GlobalSection(NestedProjects) = preSolution
		{9949F63C-ED60-4B3F-8AC3-1A8D8621D6E6} = {46C4819D-25C5-4BF7-9413-2993D5FA8758}
		{4E8A23F1-B7DA-4476-BB49-F0EF83FB7CF4} = {46C4819D-25C5-4BF7-9413-2993D5FA8758}
		{6828A745-16B3-4DF2-8854-B890A96790E7} = {44E00195-62FC-42DC-BFBD-51E614035B75}
		{3F41536F-F331-4106-84E5-B3B317EFD344} = {44E00195-62FC-42DC-BFBD-51E614035B75}
	EndGlobalSection
	GlobalSection(ExtensibilityGlobals) = postSolution
		SolutionGuid = {FF8682D3-FE41-4EC1-872C-8DAC85FC504C}
	EndGlobalSection
EndGlobal
